
Microsoft Visual Studio Solution File, Format Version 12.00
# Visual Studio 15
VisualStudioVersion = 15.0.27703.2042
MinimumVisualStudioVersion = 10.0.40219.1
Project("{FAE04EC0-301F-11D3-BF4B-00C04F79EFBC}") = "GenericTypes", "GenericTypes\GenericTypes.csproj", "{250594E9-6108-4730-837F-DFC09C1A00C7}"
EndProject
Project("{FAE04EC0-301F-11D3-BF4B-00C04F79EFBC}") = "Delegates", "Delegates\Delegates.csproj", "{1B611C6E-0D40-4A99-9755-40D9B0C3ED71}"
EndProject
Project("{FAE04EC0-301F-11D3-BF4B-00C04F79EFBC}") = "LambdaExpressions", "LambdaExpressions\LambdaExpressions.csproj", "{F5A2B909-7754-4D83-B242-1B58793583D6}"
EndProject
Project("{FAE04EC0-301F-11D3-BF4B-00C04F79EFBC}") = "AdvancedCSharp.Entities", "AdvancedCSharp.Library\AdvancedCSharp.Entities.csproj", "{F70E41ED-1C93-4E08-BB9D-7CD7B70473CC}"
EndProject
Project("{FAE04EC0-301F-11D3-BF4B-00C04F79EFBC}") = "Events", "Events\Events.csproj", "{AEE2C71E-4E17-4C65-8E5A-18CB9513AA78}"
EndProject
Project("{FAE04EC0-301F-11D3-BF4B-00C04F79EFBC}") = "ExtensionMethods", "ExtensionMethods\ExtensionMethods.csproj", "{DB302AA7-95E7-4ED8-ACE5-E35A3CC056BA}"
EndProject
Project("{FAE04EC0-301F-11D3-BF4B-00C04F79EFBC}") = "Linq", "Linq\Linq.csproj", "{1BCCAC6A-F970-48C2-843C-18D79955B067}"
EndProject
Project("{FAE04EC0-301F-11D3-BF4B-00C04F79EFBC}") = "NullableTypes", "NullableTypes\NullableTypes.csproj", "{9BB054CB-EBFE-4C2F-B68A-9D5D9A332089}"
EndProject
Project("{FAE04EC0-301F-11D3-BF4B-00C04F79EFBC}") = "DynamicBinding", "DynamicBinding\DynamicBinding.csproj", "{6E6CC52E-389F-4034-B5BB-29F4E92E2FA8}"
EndProject
Project("{FAE04EC0-301F-11D3-BF4B-00C04F79EFBC}") = "ExceptionHandling", "ExceptionHandling\ExceptionHandling.csproj", "{CCC64B30-DC72-462B-9171-72768BE4AABD}"
EndProject
Project("{FAE04EC0-301F-11D3-BF4B-00C04F79EFBC}") = "AsyncronousProgrammingAsyncAwait", "AsyncronousProgrammingAsyncAwait\AsyncronousProgrammingAsyncAwait.csproj", "{99EC310A-FB8B-46D1-918E-392FA1A120E1}"
EndProject
Global
	GlobalSection(SolutionConfigurationPlatforms) = preSolution
		Debug|Any CPU = Debug|Any CPU
		Release|Any CPU = Release|Any CPU
	EndGlobalSection
	GlobalSection(ProjectConfigurationPlatforms) = postSolution
		{250594E9-6108-4730-837F-DFC09C1A00C7}.Debug|Any CPU.ActiveCfg = Debug|Any CPU
		{250594E9-6108-4730-837F-DFC09C1A00C7}.Debug|Any CPU.Build.0 = Debug|Any CPU
		{250594E9-6108-4730-837F-DFC09C1A00C7}.Release|Any CPU.ActiveCfg = Release|Any CPU
		{250594E9-6108-4730-837F-DFC09C1A00C7}.Release|Any CPU.Build.0 = Release|Any CPU
		{1B611C6E-0D40-4A99-9755-40D9B0C3ED71}.Debug|Any CPU.ActiveCfg = Debug|Any CPU
		{1B611C6E-0D40-4A99-9755-40D9B0C3ED71}.Debug|Any CPU.Build.0 = Debug|Any CPU
		{1B611C6E-0D40-4A99-9755-40D9B0C3ED71}.Release|Any CPU.ActiveCfg = Release|Any CPU
		{1B611C6E-0D40-4A99-9755-40D9B0C3ED71}.Release|Any CPU.Build.0 = Release|Any CPU
		{F5A2B909-7754-4D83-B242-1B58793583D6}.Debug|Any CPU.ActiveCfg = Debug|Any CPU
		{F5A2B909-7754-4D83-B242-1B58793583D6}.Debug|Any CPU.Build.0 = Debug|Any CPU
		{F5A2B909-7754-4D83-B242-1B58793583D6}.Release|Any CPU.ActiveCfg = Release|Any CPU
		{F5A2B909-7754-4D83-B242-1B58793583D6}.Release|Any CPU.Build.0 = Release|Any CPU
		{F70E41ED-1C93-4E08-BB9D-7CD7B70473CC}.Debug|Any CPU.ActiveCfg = Debug|Any CPU
		{F70E41ED-1C93-4E08-BB9D-7CD7B70473CC}.Debug|Any CPU.Build.0 = Debug|Any CPU
		{F70E41ED-1C93-4E08-BB9D-7CD7B70473CC}.Release|Any CPU.ActiveCfg = Release|Any CPU
		{F70E41ED-1C93-4E08-BB9D-7CD7B70473CC}.Release|Any CPU.Build.0 = Release|Any CPU
		{AEE2C71E-4E17-4C65-8E5A-18CB9513AA78}.Debug|Any CPU.ActiveCfg = Debug|Any CPU
		{AEE2C71E-4E17-4C65-8E5A-18CB9513AA78}.Debug|Any CPU.Build.0 = Debug|Any CPU
		{AEE2C71E-4E17-4C65-8E5A-18CB9513AA78}.Release|Any CPU.ActiveCfg = Release|Any CPU
		{AEE2C71E-4E17-4C65-8E5A-18CB9513AA78}.Release|Any CPU.Build.0 = Release|Any CPU
		{DB302AA7-95E7-4ED8-ACE5-E35A3CC056BA}.Debug|Any CPU.ActiveCfg = Debug|Any CPU
		{DB302AA7-95E7-4ED8-ACE5-E35A3CC056BA}.Debug|Any CPU.Build.0 = Debug|Any CPU
		{DB302AA7-95E7-4ED8-ACE5-E35A3CC056BA}.Release|Any CPU.ActiveCfg = Release|Any CPU
		{DB302AA7-95E7-4ED8-ACE5-E35A3CC056BA}.Release|Any CPU.Build.0 = Release|Any CPU
		{1BCCAC6A-F970-48C2-843C-18D79955B067}.Debug|Any CPU.ActiveCfg = Debug|Any CPU
		{1BCCAC6A-F970-48C2-843C-18D79955B067}.Debug|Any CPU.Build.0 = Debug|Any CPU
		{1BCCAC6A-F970-48C2-843C-18D79955B067}.Release|Any CPU.ActiveCfg = Release|Any CPU
		{1BCCAC6A-F970-48C2-843C-18D79955B067}.Release|Any CPU.Build.0 = Release|Any CPU
		{9BB054CB-EBFE-4C2F-B68A-9D5D9A332089}.Debug|Any CPU.ActiveCfg = Debug|Any CPU
		{9BB054CB-EBFE-4C2F-B68A-9D5D9A332089}.Debug|Any CPU.Build.0 = Debug|Any CPU
		{9BB054CB-EBFE-4C2F-B68A-9D5D9A332089}.Release|Any CPU.ActiveCfg = Release|Any CPU
		{9BB054CB-EBFE-4C2F-B68A-9D5D9A332089}.Release|Any CPU.Build.0 = Release|Any CPU
		{6E6CC52E-389F-4034-B5BB-29F4E92E2FA8}.Debug|Any CPU.ActiveCfg = Debug|Any CPU
		{6E6CC52E-389F-4034-B5BB-29F4E92E2FA8}.Debug|Any CPU.Build.0 = Debug|Any CPU
		{6E6CC52E-389F-4034-B5BB-29F4E92E2FA8}.Release|Any CPU.ActiveCfg = Release|Any CPU
		{6E6CC52E-389F-4034-B5BB-29F4E92E2FA8}.Release|Any CPU.Build.0 = Release|Any CPU
		{CCC64B30-DC72-462B-9171-72768BE4AABD}.Debug|Any CPU.ActiveCfg = Debug|Any CPU
		{CCC64B30-DC72-462B-9171-72768BE4AABD}.Debug|Any CPU.Build.0 = Debug|Any CPU
		{CCC64B30-DC72-462B-9171-72768BE4AABD}.Release|Any CPU.ActiveCfg = Release|Any CPU
		{CCC64B30-DC72-462B-9171-72768BE4AABD}.Release|Any CPU.Build.0 = Release|Any CPU
		{99EC310A-FB8B-46D1-918E-392FA1A120E1}.Debug|Any CPU.ActiveCfg = Debug|Any CPU
		{99EC310A-FB8B-46D1-918E-392FA1A120E1}.Debug|Any CPU.Build.0 = Debug|Any CPU
		{99EC310A-FB8B-46D1-918E-392FA1A120E1}.Release|Any CPU.ActiveCfg = Release|Any CPU
		{99EC310A-FB8B-46D1-918E-392FA1A120E1}.Release|Any CPU.Build.0 = Release|Any CPU
	EndGlobalSection
	GlobalSection(SolutionProperties) = preSolution
		HideSolutionNode = FALSE
	EndGlobalSection
	GlobalSection(ExtensibilityGlobals) = postSolution
		SolutionGuid = {9D248C9D-A338-41B0-94D8-A3C555CD0B5F}
	EndGlobalSection
EndGlobal
